
Microsoft Visual Studio Solution File, Format Version 12.00
# Visual Studio Version 16
VisualStudioVersion = 16.0.29409.12
MinimumVisualStudioVersion = 10.0.40219.1
Project("{FAE04EC0-301F-11D3-BF4B-00C04F79EFBC}") = "Utilities", "Utilities\Utilities.csproj", "{A8C561C2-B92A-4B64-9563-BA70D7D3527B}"
EndProject
Project("{FAE04EC0-301F-11D3-BF4B-00C04F79EFBC}") = "UtilitiesLib", "UtilitiesLib\UtilitiesLib.csproj", "{AA9DE196-EA7B-44A0-9F1E-CA8A6919E5B5}"
EndProject
Global
	GlobalSection(SolutionConfigurationPlatforms) = preSolution
		Debug|Any CPU = Debug|Any CPU
		Release|Any CPU = Release|Any CPU
	EndGlobalSection
	GlobalSection(ProjectConfigurationPlatforms) = postSolution
		{A8C561C2-B92A-4B64-9563-BA70D7D3527B}.Debug|Any CPU.ActiveCfg = Debug|Any CPU
		{A8C561C2-B92A-4B64-9563-BA70D7D3527B}.Debug|Any CPU.Build.0 = Debug|Any CPU
		{A8C561C2-B92A-4B64-9563-BA70D7D3527B}.Release|Any CPU.ActiveCfg = Release|Any CPU
		{A8C561C2-B92A-4B64-9563-BA70D7D3527B}.Release|Any CPU.Build.0 = Release|Any CPU
		{AA9DE196-EA7B-44A0-9F1E-CA8A6919E5B5}.Debug|Any CPU.ActiveCfg = Debug|Any CPU
		{AA9DE196-EA7B-44A0-9F1E-CA8A6919E5B5}.Debug|Any CPU.Build.0 = Debug|Any CPU
		{AA9DE196-EA7B-44A0-9F1E-CA8A6919E5B5}.Release|Any CPU.ActiveCfg = Release|Any CPU
		{AA9DE196-EA7B-44A0-9F1E-CA8A6919E5B5}.Release|Any CPU.Build.0 = Release|Any CPU
	EndGlobalSection
	GlobalSection(SolutionProperties) = preSolution
		HideSolutionNode = FALSE
	EndGlobalSection
	GlobalSection(ExtensibilityGlobals) = postSolution
		SolutionGuid = {AB77B4DF-EAC0-43A2-93E9-F852D4651CCD}
	EndGlobalSection
EndGlobal
